
Microsoft Visual Studio Solution File, Format Version 12.00
# Visual Studio Version 17
VisualStudioVersion = 17.5.002.0
MinimumVisualStudioVersion = 10.0.40219.1
Project("{9A19103F-16F7-4668-BE54-9A1E7A4F7556}") = "CoinkUserAPi", "CoinkUserAPi.csproj", "{CEC9064A-C5B4-46C0-B44A-92FD8C4FAA71}"
EndProject
Global
	GlobalSection(SolutionConfigurationPlatforms) = preSolution
		Debug|Any CPU = Debug|Any CPU
		Release|Any CPU = Release|Any CPU
	EndGlobalSection
	GlobalSection(ProjectConfigurationPlatforms) = postSolution
		{CEC9064A-C5B4-46C0-B44A-92FD8C4FAA71}.Debug|Any CPU.ActiveCfg = Debug|Any CPU
		{CEC9064A-C5B4-46C0-B44A-92FD8C4FAA71}.Debug|Any CPU.Build.0 = Debug|Any CPU
		{CEC9064A-C5B4-46C0-B44A-92FD8C4FAA71}.Release|Any CPU.ActiveCfg = Release|Any CPU
		{CEC9064A-C5B4-46C0-B44A-92FD8C4FAA71}.Release|Any CPU.Build.0 = Release|Any CPU
	EndGlobalSection
	GlobalSection(SolutionProperties) = preSolution
		HideSolutionNode = FALSE
	EndGlobalSection
	GlobalSection(ExtensibilityGlobals) = postSolution
		SolutionGuid = {878C2742-E0A0-4606-991D-D67A0556B5A3}
	EndGlobalSection
EndGlobal
